
Microsoft Visual Studio Solution File, Format Version 12.00
# Visual Studio Version 17
VisualStudioVersion = 17.6.33829.357
MinimumVisualStudioVersion = 10.0.40219.1
Project("{FAE04EC0-301F-11D3-BF4B-00C04F79EFBC}") = "QuanLyContact", "QuanLyContact.csproj", "{2AFD2EB4-36F5-4322-B24A-301C666F3C9E}"
EndProject
Project("{FAE04EC0-301F-11D3-BF4B-00C04F79EFBC}") = "Model", "..\Model\Model.csproj", "{26A259D3-2F76-4B9D-A790-1823684F250F}"
EndProject
Project("{FAE04EC0-301F-11D3-BF4B-00C04F79EFBC}") = "BUSLayer", "..\BUSLayer\BUSLayer.csproj", "{9C27B427-99F4-47F8-A6AF-0AFC315DA3CD}"
EndProject
Project("{FAE04EC0-301F-11D3-BF4B-00C04F79EFBC}") = "DataLayer", "..\DataLayer\DataLayer.csproj", "{960BEB84-C9AD-41FD-8E50-010EAB6CE6FE}"
EndProject
Global
	GlobalSection(SolutionConfigurationPlatforms) = preSolution
		Debug|Any CPU = Debug|Any CPU
		Release|Any CPU = Release|Any CPU
	EndGlobalSection
	GlobalSection(ProjectConfigurationPlatforms) = postSolution
		{2AFD2EB4-36F5-4322-B24A-301C666F3C9E}.Debug|Any CPU.ActiveCfg = Debug|Any CPU
		{2AFD2EB4-36F5-4322-B24A-301C666F3C9E}.Debug|Any CPU.Build.0 = Debug|Any CPU
		{2AFD2EB4-36F5-4322-B24A-301C666F3C9E}.Release|Any CPU.ActiveCfg = Release|Any CPU
		{2AFD2EB4-36F5-4322-B24A-301C666F3C9E}.Release|Any CPU.Build.0 = Release|Any CPU
		{26A259D3-2F76-4B9D-A790-1823684F250F}.Debug|Any CPU.ActiveCfg = Debug|Any CPU
		{26A259D3-2F76-4B9D-A790-1823684F250F}.Debug|Any CPU.Build.0 = Debug|Any CPU
		{26A259D3-2F76-4B9D-A790-1823684F250F}.Release|Any CPU.ActiveCfg = Release|Any CPU
		{26A259D3-2F76-4B9D-A790-1823684F250F}.Release|Any CPU.Build.0 = Release|Any CPU
		{9C27B427-99F4-47F8-A6AF-0AFC315DA3CD}.Debug|Any CPU.ActiveCfg = Debug|Any CPU
		{9C27B427-99F4-47F8-A6AF-0AFC315DA3CD}.Debug|Any CPU.Build.0 = Debug|Any CPU
		{9C27B427-99F4-47F8-A6AF-0AFC315DA3CD}.Release|Any CPU.ActiveCfg = Release|Any CPU
		{9C27B427-99F4-47F8-A6AF-0AFC315DA3CD}.Release|Any CPU.Build.0 = Release|Any CPU
		{960BEB84-C9AD-41FD-8E50-010EAB6CE6FE}.Debug|Any CPU.ActiveCfg = Debug|Any CPU
		{960BEB84-C9AD-41FD-8E50-010EAB6CE6FE}.Debug|Any CPU.Build.0 = Debug|Any CPU
		{960BEB84-C9AD-41FD-8E50-010EAB6CE6FE}.Release|Any CPU.ActiveCfg = Release|Any CPU
		{960BEB84-C9AD-41FD-8E50-010EAB6CE6FE}.Release|Any CPU.Build.0 = Release|Any CPU
	EndGlobalSection
	GlobalSection(SolutionProperties) = preSolution
		HideSolutionNode = FALSE
	EndGlobalSection
	GlobalSection(ExtensibilityGlobals) = postSolution
		SolutionGuid = {A21D6277-8210-4EA9-9568-3CE609E594D5}
	EndGlobalSection
EndGlobal
